
Microsoft Visual Studio Solution File, Format Version 12.00
# Visual Studio 14
VisualStudioVersion = 14.0.25420.1
MinimumVisualStudioVersion = 10.0.40219.1
Project("{FAE04EC0-301F-11D3-BF4B-00C04F79EFBC}") = "EyesOn.Web", "EyesOn.Web\EyesOn.Web.csproj", "{631F79AB-7A4F-4292-8C46-5CF1C839E068}"
EndProject
Project("{FAE04EC0-301F-11D3-BF4B-00C04F79EFBC}") = "EyesOn.Data.Model", "EyesOn.Data.Model\EyesOn.Data.Model.csproj", "{DE8D1D9E-3BED-4A06-A46E-D4D532BE2D0E}"
EndProject
Project("{FAE04EC0-301F-11D3-BF4B-00C04F79EFBC}") = "EyesOn.Data", "EyesOn.Data\EyesOn.Data.csproj", "{519CB7A4-A111-4E6D-A157-124F106A4790}"
EndProject
Project("{FAE04EC0-301F-11D3-BF4B-00C04F79EFBC}") = "Test.Data", "Test.Data\Test.Data.csproj", "{C72E642C-B027-4C2D-BC47-A099B1367C66}"
EndProject
Project("{FAE04EC0-301F-11D3-BF4B-00C04F79EFBC}") = "EyesOn.UI.Console", "EyesOn.UI.Console\EyesOn.UI.Console.csproj", "{209F32A9-3462-4A6A-BF1F-FEDB757CFFCC}"
EndProject
Project("{FAE04EC0-301F-11D3-BF4B-00C04F79EFBC}") = "EyesOn.UI.Droid", "EyesOn.UI.Droid\EyesOn.UI.Droid.csproj", "{B0CA11CE-DA89-42F0-BBC8-3FB8FE493586}"
EndProject
Project("{FAE04EC0-301F-11D3-BF4B-00C04F79EFBC}") = "OpenCV.Binding", "OpenCV.Binding\OpenCV.Binding.csproj", "{3675B5A0-535B-4CFB-B523-ED60837278B9}"
EndProject
Project("{FAE04EC0-301F-11D3-BF4B-00C04F79EFBC}") = "EyesOn", "EyesOn\EyesOn.csproj", "{98E136FD-005C-4D81-9D00-2D2E1FEBB3BA}"
EndProject
Project("{2150E333-8FDC-42A3-9474-1A3956D46DE8}") = "References", "References", "{D3B39C79-A922-4964-8092-9B8A857293A3}"
EndProject
Project("{2150E333-8FDC-42A3-9474-1A3956D46DE8}") = "Emgu", "Emgu", "{F8900579-8013-4FEC-8752-2165DFCCA2C4}"
EndProject
Project("{D954291E-2A0B-460D-934E-DC6B0785DB48}") = "Emgu.CV", "Emgu\Emgu.CV\Emgu.CV.shproj", "{12D024EE-D0A5-4BBC-B7C0-7B18CF1AB262}"
EndProject
Project("{D954291E-2A0B-460D-934E-DC6B0785DB48}") = "Emgu.CV.Contrib", "Emgu\Emgu.CV.Contrib\Emgu.CV.Contrib.shproj", "{11E54A7E-778D-466C-A176-71E150976AC1}"
EndProject
Project("{D954291E-2A0B-460D-934E-DC6B0785DB48}") = "Emgu.CV.Cuda", "Emgu\Emgu.CV.Cuda\Emgu.CV.Cuda.shproj", "{7B22BB32-C867-45A7-AC53-5BDA820DB91C}"
EndProject
Project("{D954291E-2A0B-460D-934E-DC6B0785DB48}") = "Emgu.CV.ML", "Emgu\Emgu.CV.ML\Emgu.CV.ML.shproj", "{3F3BC3E1-3B59-48AB-959A-71844B9AD9BE}"
EndProject
Project("{D954291E-2A0B-460D-934E-DC6B0785DB48}") = "Emgu.CV.OCR", "Emgu\Emgu.CV.OCR\Emgu.CV.OCR.shproj", "{7BC723CB-1678-415F-A65F-4027F8758A6F}"
EndProject
Project("{D954291E-2A0B-460D-934E-DC6B0785DB48}") = "Emgu.CV.Shape", "Emgu\Emgu.CV.Shape\Emgu.CV.Shape.shproj", "{1C41F1CC-B8A8-4E72-8167-0E1A42EDF843}"
EndProject
Project("{D954291E-2A0B-460D-934E-DC6B0785DB48}") = "Emgu.CV.Stitching", "Emgu\Emgu.CV.Stitching\Emgu.CV.Stitching.shproj", "{0D0C868D-23D6-46F7-A3E0-5F595C84939C}"
EndProject
Project("{D954291E-2A0B-460D-934E-DC6B0785DB48}") = "Emgu.CV.Superres", "Emgu\Emgu.CV.Superres\Emgu.CV.Superres.shproj", "{32B4CFE5-094F-4AE5-A7BC-132C2C9566FE}"
EndProject
Project("{FAE04EC0-301F-11D3-BF4B-00C04F79EFBC}") = "Emgu.CV.World.Android", "Emgu\Emgu.CV.World\Emgu.CV.World.Android.csproj", "{5F102C71-65C3-4D77-AE48-29C1E75F82BE}"
EndProject
Project("{FAE04EC0-301F-11D3-BF4B-00C04F79EFBC}") = "AndroidExamples", "Emgu\Emgu.CV.Example\Android\AndroidExamples.csproj", "{543E1066-E02A-4078-AFA4-AD00B7168780}"
EndProject
Project("{D954291E-2A0B-460D-934E-DC6B0785DB48}") = "Emgu.Util", "Emgu\Emgu.Util\Emgu.Util.shproj", "{98561642-5EC3-4244-BAF9-6876D9BA5527}"
EndProject
Global
	GlobalSection(SharedMSBuildProjectFiles) = preSolution
		Emgu\Emgu.CV.Stitching\Emgu.CV.Stitching.projitems*{0d0c868d-23d6-46f7-a3e0-5f595c84939c}*SharedItemsImports = 13
		Emgu\Emgu.CV.Contrib\Emgu.CV.Contrib.projitems*{11e54a7e-778d-466c-a176-71e150976ac1}*SharedItemsImports = 13
		Emgu\Emgu.CV\Emgu.CV.projitems*{12d024ee-d0a5-4bbc-b7c0-7b18cf1ab262}*SharedItemsImports = 13
		Emgu\Emgu.CV.Shape\Emgu.CV.Shape.projitems*{1c41f1cc-b8a8-4e72-8167-0e1a42edf843}*SharedItemsImports = 13
		Emgu\Emgu.CV.Superres\Emgu.CV.Superres.projitems*{32b4cfe5-094f-4ae5-a7bc-132c2c9566fe}*SharedItemsImports = 13
		Emgu\Emgu.CV.ML\Emgu.CV.ML.projitems*{3f3bc3e1-3b59-48ab-959a-71844b9ad9be}*SharedItemsImports = 13
		Emgu\Emgu.CV.Contrib\Emgu.CV.Contrib.projitems*{543e1066-e02a-4078-afa4-ad00b7168780}*SharedItemsImports = 4
		Emgu\Emgu.CV.Cuda\Emgu.CV.Cuda.projitems*{543e1066-e02a-4078-afa4-ad00b7168780}*SharedItemsImports = 4
		Emgu\Emgu.CV.OCR\Emgu.CV.OCR.projitems*{543e1066-e02a-4078-afa4-ad00b7168780}*SharedItemsImports = 4
		Emgu\Emgu.CV\Emgu.CV.projitems*{543e1066-e02a-4078-afa4-ad00b7168780}*SharedItemsImports = 4
		Emgu\Emgu.Util\Emgu.Util.projitems*{543e1066-e02a-4078-afa4-ad00b7168780}*SharedItemsImports = 4
		Emgu\Emgu.CV.Contrib\Emgu.CV.Contrib.projitems*{5f102c71-65c3-4d77-ae48-29c1e75f82be}*SharedItemsImports = 4
		Emgu\Emgu.CV.Cuda\Emgu.CV.Cuda.projitems*{5f102c71-65c3-4d77-ae48-29c1e75f82be}*SharedItemsImports = 4
		Emgu\Emgu.CV.OCR\Emgu.CV.OCR.projitems*{5f102c71-65c3-4d77-ae48-29c1e75f82be}*SharedItemsImports = 4
		Emgu\Emgu.CV\Emgu.CV.projitems*{5f102c71-65c3-4d77-ae48-29c1e75f82be}*SharedItemsImports = 4
		Emgu\Emgu.Util\Emgu.Util.projitems*{5f102c71-65c3-4d77-ae48-29c1e75f82be}*SharedItemsImports = 4
		Emgu\Emgu.CV.Cuda\Emgu.CV.Cuda.projitems*{7b22bb32-c867-45a7-ac53-5bda820db91c}*SharedItemsImports = 13
		Emgu\Emgu.CV.OCR\Emgu.CV.OCR.projitems*{7bc723cb-1678-415f-a65f-4027f8758a6f}*SharedItemsImports = 13
		Emgu\Emgu.Util\Emgu.Util.projitems*{98561642-5ec3-4244-baf9-6876d9ba5527}*SharedItemsImports = 13
	EndGlobalSection
	GlobalSection(SolutionConfigurationPlatforms) = preSolution
		Debug|Any CPU = Debug|Any CPU
		Debug|ARM = Debug|ARM
		Debug|ARM64 = Debug|ARM64
		Debug|arm64-v8a = Debug|arm64-v8a
		Debug|armeabi = Debug|armeabi
		Debug|armeabi-v7a = Debug|armeabi-v7a
		Debug|iPhone = Debug|iPhone
		Debug|iPhoneSimulator = Debug|iPhoneSimulator
		Debug|None = Debug|None
		Debug|x64 = Debug|x64
		Debug|x86 = Debug|x86
		Debug|x86_64 = Debug|x86_64
		Release|Any CPU = Release|Any CPU
		Release|ARM = Release|ARM
		Release|ARM64 = Release|ARM64
		Release|arm64-v8a = Release|arm64-v8a
		Release|armeabi = Release|armeabi
		Release|armeabi-v7a = Release|armeabi-v7a
		Release|iPhone = Release|iPhone
		Release|iPhoneSimulator = Release|iPhoneSimulator
		Release|None = Release|None
		Release|x64 = Release|x64
		Release|x86 = Release|x86
		Release|x86_64 = Release|x86_64
	EndGlobalSection
	GlobalSection(ProjectConfigurationPlatforms) = postSolution
		{631F79AB-7A4F-4292-8C46-5CF1C839E068}.Debug|Any CPU.ActiveCfg = Debug|Any CPU
		{631F79AB-7A4F-4292-8C46-5CF1C839E068}.Debug|Any CPU.Build.0 = Debug|Any CPU
		{631F79AB-7A4F-4292-8C46-5CF1C839E068}.Debug|ARM.ActiveCfg = Debug|Any CPU
		{631F79AB-7A4F-4292-8C46-5CF1C839E068}.Debug|ARM.Build.0 = Debug|Any CPU
		{631F79AB-7A4F-4292-8C46-5CF1C839E068}.Debug|ARM64.ActiveCfg = Debug|Any CPU
		{631F79AB-7A4F-4292-8C46-5CF1C839E068}.Debug|ARM64.Build.0 = Debug|Any CPU
		{631F79AB-7A4F-4292-8C46-5CF1C839E068}.Debug|arm64-v8a.ActiveCfg = Debug|Any CPU
		{631F79AB-7A4F-4292-8C46-5CF1C839E068}.Debug|arm64-v8a.Build.0 = Debug|Any CPU
		{631F79AB-7A4F-4292-8C46-5CF1C839E068}.Debug|armeabi.ActiveCfg = Debug|Any CPU
		{631F79AB-7A4F-4292-8C46-5CF1C839E068}.Debug|armeabi.Build.0 = Debug|Any CPU
		{631F79AB-7A4F-4292-8C46-5CF1C839E068}.Debug|armeabi-v7a.ActiveCfg = Debug|Any CPU
		{631F79AB-7A4F-4292-8C46-5CF1C839E068}.Debug|armeabi-v7a.Build.0 = Debug|Any CPU
		{631F79AB-7A4F-4292-8C46-5CF1C839E068}.Debug|iPhone.ActiveCfg = Debug|Any CPU
		{631F79AB-7A4F-4292-8C46-5CF1C839E068}.Debug|iPhone.Build.0 = Debug|Any CPU
		{631F79AB-7A4F-4292-8C46-5CF1C839E068}.Debug|iPhoneSimulator.ActiveCfg = Debug|Any CPU
		{631F79AB-7A4F-4292-8C46-5CF1C839E068}.Debug|iPhoneSimulator.Build.0 = Debug|Any CPU
		{631F79AB-7A4F-4292-8C46-5CF1C839E068}.Debug|None.ActiveCfg = Debug|Any CPU
		{631F79AB-7A4F-4292-8C46-5CF1C839E068}.Debug|None.Build.0 = Debug|Any CPU
		{631F79AB-7A4F-4292-8C46-5CF1C839E068}.Debug|x64.ActiveCfg = Debug|Any CPU
		{631F79AB-7A4F-4292-8C46-5CF1C839E068}.Debug|x64.Build.0 = Debug|Any CPU
		{631F79AB-7A4F-4292-8C46-5CF1C839E068}.Debug|x86.ActiveCfg = Debug|Any CPU
		{631F79AB-7A4F-4292-8C46-5CF1C839E068}.Debug|x86.Build.0 = Debug|Any CPU
		{631F79AB-7A4F-4292-8C46-5CF1C839E068}.Debug|x86_64.ActiveCfg = Debug|Any CPU
		{631F79AB-7A4F-4292-8C46-5CF1C839E068}.Debug|x86_64.Build.0 = Debug|Any CPU
		{631F79AB-7A4F-4292-8C46-5CF1C839E068}.Release|Any CPU.ActiveCfg = Release|Any CPU
		{631F79AB-7A4F-4292-8C46-5CF1C839E068}.Release|Any CPU.Build.0 = Release|Any CPU
		{631F79AB-7A4F-4292-8C46-5CF1C839E068}.Release|ARM.ActiveCfg = Release|Any CPU
		{631F79AB-7A4F-4292-8C46-5CF1C839E068}.Release|ARM.Build.0 = Release|Any CPU
		{631F79AB-7A4F-4292-8C46-5CF1C839E068}.Release|ARM64.ActiveCfg = Release|Any CPU
		{631F79AB-7A4F-4292-8C46-5CF1C839E068}.Release|ARM64.Build.0 = Release|Any CPU
		{631F79AB-7A4F-4292-8C46-5CF1C839E068}.Release|arm64-v8a.ActiveCfg = Release|Any CPU
		{631F79AB-7A4F-4292-8C46-5CF1C839E068}.Release|arm64-v8a.Build.0 = Release|Any CPU
		{631F79AB-7A4F-4292-8C46-5CF1C839E068}.Release|armeabi.ActiveCfg = Release|Any CPU
		{631F79AB-7A4F-4292-8C46-5CF1C839E068}.Release|armeabi.Build.0 = Release|Any CPU
		{631F79AB-7A4F-4292-8C46-5CF1C839E068}.Release|armeabi-v7a.ActiveCfg = Release|Any CPU
		{631F79AB-7A4F-4292-8C46-5CF1C839E068}.Release|armeabi-v7a.Build.0 = Release|Any CPU
		{631F79AB-7A4F-4292-8C46-5CF1C839E068}.Release|iPhone.ActiveCfg = Release|Any CPU
		{631F79AB-7A4F-4292-8C46-5CF1C839E068}.Release|iPhone.Build.0 = Release|Any CPU
		{631F79AB-7A4F-4292-8C46-5CF1C839E068}.Release|iPhoneSimulator.ActiveCfg = Release|Any CPU
		{631F79AB-7A4F-4292-8C46-5CF1C839E068}.Release|iPhoneSimulator.Build.0 = Release|Any CPU
		{631F79AB-7A4F-4292-8C46-5CF1C839E068}.Release|None.ActiveCfg = Release|Any CPU
		{631F79AB-7A4F-4292-8C46-5CF1C839E068}.Release|None.Build.0 = Release|Any CPU
		{631F79AB-7A4F-4292-8C46-5CF1C839E068}.Release|x64.ActiveCfg = Release|Any CPU
		{631F79AB-7A4F-4292-8C46-5CF1C839E068}.Release|x64.Build.0 = Release|Any CPU
		{631F79AB-7A4F-4292-8C46-5CF1C839E068}.Release|x86.ActiveCfg = Release|Any CPU
		{631F79AB-7A4F-4292-8C46-5CF1C839E068}.Release|x86.Build.0 = Release|Any CPU
		{631F79AB-7A4F-4292-8C46-5CF1C839E068}.Release|x86_64.ActiveCfg = Release|Any CPU
		{631F79AB-7A4F-4292-8C46-5CF1C839E068}.Release|x86_64.Build.0 = Release|Any CPU
		{DE8D1D9E-3BED-4A06-A46E-D4D532BE2D0E}.Debug|Any CPU.ActiveCfg = Debug|Any CPU
		{DE8D1D9E-3BED-4A06-A46E-D4D532BE2D0E}.Debug|Any CPU.Build.0 = Debug|Any CPU
		{DE8D1D9E-3BED-4A06-A46E-D4D532BE2D0E}.Debug|ARM.ActiveCfg = Debug|Any CPU
		{DE8D1D9E-3BED-4A06-A46E-D4D532BE2D0E}.Debug|ARM.Build.0 = Debug|Any CPU
		{DE8D1D9E-3BED-4A06-A46E-D4D532BE2D0E}.Debug|ARM64.ActiveCfg = Debug|Any CPU
		{DE8D1D9E-3BED-4A06-A46E-D4D532BE2D0E}.Debug|ARM64.Build.0 = Debug|Any CPU
		{DE8D1D9E-3BED-4A06-A46E-D4D532BE2D0E}.Debug|arm64-v8a.ActiveCfg = Debug|Any CPU
		{DE8D1D9E-3BED-4A06-A46E-D4D532BE2D0E}.Debug|arm64-v8a.Build.0 = Debug|Any CPU
		{DE8D1D9E-3BED-4A06-A46E-D4D532BE2D0E}.Debug|armeabi.ActiveCfg = Debug|Any CPU
		{DE8D1D9E-3BED-4A06-A46E-D4D532BE2D0E}.Debug|armeabi.Build.0 = Debug|Any CPU
		{DE8D1D9E-3BED-4A06-A46E-D4D532BE2D0E}.Debug|armeabi-v7a.ActiveCfg = Debug|Any CPU
		{DE8D1D9E-3BED-4A06-A46E-D4D532BE2D0E}.Debug|armeabi-v7a.Build.0 = Debug|Any CPU
		{DE8D1D9E-3BED-4A06-A46E-D4D532BE2D0E}.Debug|iPhone.ActiveCfg = Debug|Any CPU
		{DE8D1D9E-3BED-4A06-A46E-D4D532BE2D0E}.Debug|iPhone.Build.0 = Debug|Any CPU
		{DE8D1D9E-3BED-4A06-A46E-D4D532BE2D0E}.Debug|iPhoneSimulator.ActiveCfg = Debug|Any CPU
		{DE8D1D9E-3BED-4A06-A46E-D4D532BE2D0E}.Debug|iPhoneSimulator.Build.0 = Debug|Any CPU
		{DE8D1D9E-3BED-4A06-A46E-D4D532BE2D0E}.Debug|None.ActiveCfg = Debug|Any CPU
		{DE8D1D9E-3BED-4A06-A46E-D4D532BE2D0E}.Debug|None.Build.0 = Debug|Any CPU
		{DE8D1D9E-3BED-4A06-A46E-D4D532BE2D0E}.Debug|x64.ActiveCfg = Debug|Any CPU
		{DE8D1D9E-3BED-4A06-A46E-D4D532BE2D0E}.Debug|x64.Build.0 = Debug|Any CPU
		{DE8D1D9E-3BED-4A06-A46E-D4D532BE2D0E}.Debug|x86.ActiveCfg = Debug|Any CPU
		{DE8D1D9E-3BED-4A06-A46E-D4D532BE2D0E}.Debug|x86.Build.0 = Debug|Any CPU
		{DE8D1D9E-3BED-4A06-A46E-D4D532BE2D0E}.Debug|x86_64.ActiveCfg = Debug|Any CPU
		{DE8D1D9E-3BED-4A06-A46E-D4D532BE2D0E}.Debug|x86_64.Build.0 = Debug|Any CPU
		{DE8D1D9E-3BED-4A06-A46E-D4D532BE2D0E}.Release|Any CPU.ActiveCfg = Release|Any CPU
		{DE8D1D9E-3BED-4A06-A46E-D4D532BE2D0E}.Release|Any CPU.Build.0 = Release|Any CPU
		{DE8D1D9E-3BED-4A06-A46E-D4D532BE2D0E}.Release|ARM.ActiveCfg = Release|Any CPU
		{DE8D1D9E-3BED-4A06-A46E-D4D532BE2D0E}.Release|ARM.Build.0 = Release|Any CPU
		{DE8D1D9E-3BED-4A06-A46E-D4D532BE2D0E}.Release|ARM64.ActiveCfg = Release|Any CPU
		{DE8D1D9E-3BED-4A06-A46E-D4D532BE2D0E}.Release|ARM64.Build.0 = Release|Any CPU
		{DE8D1D9E-3BED-4A06-A46E-D4D532BE2D0E}.Release|arm64-v8a.ActiveCfg = Release|Any CPU
		{DE8D1D9E-3BED-4A06-A46E-D4D532BE2D0E}.Release|arm64-v8a.Build.0 = Release|Any CPU
		{DE8D1D9E-3BED-4A06-A46E-D4D532BE2D0E}.Release|armeabi.ActiveCfg = Release|Any CPU
		{DE8D1D9E-3BED-4A06-A46E-D4D532BE2D0E}.Release|armeabi.Build.0 = Release|Any CPU
		{DE8D1D9E-3BED-4A06-A46E-D4D532BE2D0E}.Release|armeabi-v7a.ActiveCfg = Release|Any CPU
		{DE8D1D9E-3BED-4A06-A46E-D4D532BE2D0E}.Release|armeabi-v7a.Build.0 = Release|Any CPU
		{DE8D1D9E-3BED-4A06-A46E-D4D532BE2D0E}.Release|iPhone.ActiveCfg = Release|Any CPU
		{DE8D1D9E-3BED-4A06-A46E-D4D532BE2D0E}.Release|iPhone.Build.0 = Release|Any CPU
		{DE8D1D9E-3BED-4A06-A46E-D4D532BE2D0E}.Release|iPhoneSimulator.ActiveCfg = Release|Any CPU
		{DE8D1D9E-3BED-4A06-A46E-D4D532BE2D0E}.Release|iPhoneSimulator.Build.0 = Release|Any CPU
		{DE8D1D9E-3BED-4A06-A46E-D4D532BE2D0E}.Release|None.ActiveCfg = Release|Any CPU
		{DE8D1D9E-3BED-4A06-A46E-D4D532BE2D0E}.Release|None.Build.0 = Release|Any CPU
		{DE8D1D9E-3BED-4A06-A46E-D4D532BE2D0E}.Release|x64.ActiveCfg = Release|Any CPU
		{DE8D1D9E-3BED-4A06-A46E-D4D532BE2D0E}.Release|x64.Build.0 = Release|Any CPU
		{DE8D1D9E-3BED-4A06-A46E-D4D532BE2D0E}.Release|x86.ActiveCfg = Release|Any CPU
		{DE8D1D9E-3BED-4A06-A46E-D4D532BE2D0E}.Release|x86.Build.0 = Release|Any CPU
		{DE8D1D9E-3BED-4A06-A46E-D4D532BE2D0E}.Release|x86_64.ActiveCfg = Release|Any CPU
		{DE8D1D9E-3BED-4A06-A46E-D4D532BE2D0E}.Release|x86_64.Build.0 = Release|Any CPU
		{519CB7A4-A111-4E6D-A157-124F106A4790}.Debug|Any CPU.ActiveCfg = Debug|Any CPU
		{519CB7A4-A111-4E6D-A157-124F106A4790}.Debug|Any CPU.Build.0 = Debug|Any CPU
		{519CB7A4-A111-4E6D-A157-124F106A4790}.Debug|ARM.ActiveCfg = Debug|Any CPU
		{519CB7A4-A111-4E6D-A157-124F106A4790}.Debug|ARM.Build.0 = Debug|Any CPU
		{519CB7A4-A111-4E6D-A157-124F106A4790}.Debug|ARM64.ActiveCfg = Debug|Any CPU
		{519CB7A4-A111-4E6D-A157-124F106A4790}.Debug|ARM64.Build.0 = Debug|Any CPU
		{519CB7A4-A111-4E6D-A157-124F106A4790}.Debug|arm64-v8a.ActiveCfg = Debug|Any CPU
		{519CB7A4-A111-4E6D-A157-124F106A4790}.Debug|arm64-v8a.Build.0 = Debug|Any CPU
		{519CB7A4-A111-4E6D-A157-124F106A4790}.Debug|armeabi.ActiveCfg = Debug|Any CPU
		{519CB7A4-A111-4E6D-A157-124F106A4790}.Debug|armeabi.Build.0 = Debug|Any CPU
		{519CB7A4-A111-4E6D-A157-124F106A4790}.Debug|armeabi-v7a.ActiveCfg = Debug|Any CPU
		{519CB7A4-A111-4E6D-A157-124F106A4790}.Debug|armeabi-v7a.Build.0 = Debug|Any CPU
		{519CB7A4-A111-4E6D-A157-124F106A4790}.Debug|iPhone.ActiveCfg = Debug|Any CPU
		{519CB7A4-A111-4E6D-A157-124F106A4790}.Debug|iPhone.Build.0 = Debug|Any CPU
		{519CB7A4-A111-4E6D-A157-124F106A4790}.Debug|iPhoneSimulator.ActiveCfg = Debug|Any CPU
		{519CB7A4-A111-4E6D-A157-124F106A4790}.Debug|iPhoneSimulator.Build.0 = Debug|Any CPU
		{519CB7A4-A111-4E6D-A157-124F106A4790}.Debug|None.ActiveCfg = Debug|Any CPU
		{519CB7A4-A111-4E6D-A157-124F106A4790}.Debug|None.Build.0 = Debug|Any CPU
		{519CB7A4-A111-4E6D-A157-124F106A4790}.Debug|x64.ActiveCfg = Debug|Any CPU
		{519CB7A4-A111-4E6D-A157-124F106A4790}.Debug|x64.Build.0 = Debug|Any CPU
		{519CB7A4-A111-4E6D-A157-124F106A4790}.Debug|x86.ActiveCfg = Debug|Any CPU
		{519CB7A4-A111-4E6D-A157-124F106A4790}.Debug|x86.Build.0 = Debug|Any CPU
		{519CB7A4-A111-4E6D-A157-124F106A4790}.Debug|x86_64.ActiveCfg = Debug|Any CPU
		{519CB7A4-A111-4E6D-A157-124F106A4790}.Debug|x86_64.Build.0 = Debug|Any CPU
		{519CB7A4-A111-4E6D-A157-124F106A4790}.Release|Any CPU.ActiveCfg = Release|Any CPU
		{519CB7A4-A111-4E6D-A157-124F106A4790}.Release|Any CPU.Build.0 = Release|Any CPU
		{519CB7A4-A111-4E6D-A157-124F106A4790}.Release|ARM.ActiveCfg = Release|Any CPU
		{519CB7A4-A111-4E6D-A157-124F106A4790}.Release|ARM.Build.0 = Release|Any CPU
		{519CB7A4-A111-4E6D-A157-124F106A4790}.Release|ARM64.ActiveCfg = Release|Any CPU
		{519CB7A4-A111-4E6D-A157-124F106A4790}.Release|ARM64.Build.0 = Release|Any CPU
		{519CB7A4-A111-4E6D-A157-124F106A4790}.Release|arm64-v8a.ActiveCfg = Release|Any CPU
		{519CB7A4-A111-4E6D-A157-124F106A4790}.Release|arm64-v8a.Build.0 = Release|Any CPU
		{519CB7A4-A111-4E6D-A157-124F106A4790}.Release|armeabi.ActiveCfg = Release|Any CPU
		{519CB7A4-A111-4E6D-A157-124F106A4790}.Release|armeabi.Build.0 = Release|Any CPU
		{519CB7A4-A111-4E6D-A157-124F106A4790}.Release|armeabi-v7a.ActiveCfg = Release|Any CPU
		{519CB7A4-A111-4E6D-A157-124F106A4790}.Release|armeabi-v7a.Build.0 = Release|Any CPU
		{519CB7A4-A111-4E6D-A157-124F106A4790}.Release|iPhone.ActiveCfg = Release|Any CPU
		{519CB7A4-A111-4E6D-A157-124F106A4790}.Release|iPhone.Build.0 = Release|Any CPU
		{519CB7A4-A111-4E6D-A157-124F106A4790}.Release|iPhoneSimulator.ActiveCfg = Release|Any CPU
		{519CB7A4-A111-4E6D-A157-124F106A4790}.Release|iPhoneSimulator.Build.0 = Release|Any CPU
		{519CB7A4-A111-4E6D-A157-124F106A4790}.Release|None.ActiveCfg = Release|Any CPU
		{519CB7A4-A111-4E6D-A157-124F106A4790}.Release|None.Build.0 = Release|Any CPU
		{519CB7A4-A111-4E6D-A157-124F106A4790}.Release|x64.ActiveCfg = Release|Any CPU
		{519CB7A4-A111-4E6D-A157-124F106A4790}.Release|x64.Build.0 = Release|Any CPU
		{519CB7A4-A111-4E6D-A157-124F106A4790}.Release|x86.ActiveCfg = Release|Any CPU
		{519CB7A4-A111-4E6D-A157-124F106A4790}.Release|x86.Build.0 = Release|Any CPU
		{519CB7A4-A111-4E6D-A157-124F106A4790}.Release|x86_64.ActiveCfg = Release|Any CPU
		{519CB7A4-A111-4E6D-A157-124F106A4790}.Release|x86_64.Build.0 = Release|Any CPU
		{C72E642C-B027-4C2D-BC47-A099B1367C66}.Debug|Any CPU.ActiveCfg = Debug|Any CPU
		{C72E642C-B027-4C2D-BC47-A099B1367C66}.Debug|Any CPU.Build.0 = Debug|Any CPU
		{C72E642C-B027-4C2D-BC47-A099B1367C66}.Debug|ARM.ActiveCfg = Debug|Any CPU
		{C72E642C-B027-4C2D-BC47-A099B1367C66}.Debug|ARM.Build.0 = Debug|Any CPU
		{C72E642C-B027-4C2D-BC47-A099B1367C66}.Debug|ARM64.ActiveCfg = Debug|Any CPU
		{C72E642C-B027-4C2D-BC47-A099B1367C66}.Debug|ARM64.Build.0 = Debug|Any CPU
		{C72E642C-B027-4C2D-BC47-A099B1367C66}.Debug|arm64-v8a.ActiveCfg = Debug|Any CPU
		{C72E642C-B027-4C2D-BC47-A099B1367C66}.Debug|arm64-v8a.Build.0 = Debug|Any CPU
		{C72E642C-B027-4C2D-BC47-A099B1367C66}.Debug|armeabi.ActiveCfg = Debug|Any CPU
		{C72E642C-B027-4C2D-BC47-A099B1367C66}.Debug|armeabi.Build.0 = Debug|Any CPU
		{C72E642C-B027-4C2D-BC47-A099B1367C66}.Debug|armeabi-v7a.ActiveCfg = Debug|Any CPU
		{C72E642C-B027-4C2D-BC47-A099B1367C66}.Debug|armeabi-v7a.Build.0 = Debug|Any CPU
		{C72E642C-B027-4C2D-BC47-A099B1367C66}.Debug|iPhone.ActiveCfg = Debug|Any CPU
		{C72E642C-B027-4C2D-BC47-A099B1367C66}.Debug|iPhone.Build.0 = Debug|Any CPU
		{C72E642C-B027-4C2D-BC47-A099B1367C66}.Debug|iPhoneSimulator.ActiveCfg = Debug|Any CPU
		{C72E642C-B027-4C2D-BC47-A099B1367C66}.Debug|iPhoneSimulator.Build.0 = Debug|Any CPU
		{C72E642C-B027-4C2D-BC47-A099B1367C66}.Debug|None.ActiveCfg = Debug|Any CPU
		{C72E642C-B027-4C2D-BC47-A099B1367C66}.Debug|None.Build.0 = Debug|Any CPU
		{C72E642C-B027-4C2D-BC47-A099B1367C66}.Debug|x64.ActiveCfg = Debug|Any CPU
		{C72E642C-B027-4C2D-BC47-A099B1367C66}.Debug|x64.Build.0 = Debug|Any CPU
		{C72E642C-B027-4C2D-BC47-A099B1367C66}.Debug|x86.ActiveCfg = Debug|Any CPU
		{C72E642C-B027-4C2D-BC47-A099B1367C66}.Debug|x86.Build.0 = Debug|Any CPU
		{C72E642C-B027-4C2D-BC47-A099B1367C66}.Debug|x86_64.ActiveCfg = Debug|Any CPU
		{C72E642C-B027-4C2D-BC47-A099B1367C66}.Debug|x86_64.Build.0 = Debug|Any CPU
		{C72E642C-B027-4C2D-BC47-A099B1367C66}.Release|Any CPU.ActiveCfg = Release|Any CPU
		{C72E642C-B027-4C2D-BC47-A099B1367C66}.Release|Any CPU.Build.0 = Release|Any CPU
		{C72E642C-B027-4C2D-BC47-A099B1367C66}.Release|ARM.ActiveCfg = Release|Any CPU
		{C72E642C-B027-4C2D-BC47-A099B1367C66}.Release|ARM.Build.0 = Release|Any CPU
		{C72E642C-B027-4C2D-BC47-A099B1367C66}.Release|ARM64.ActiveCfg = Release|Any CPU
		{C72E642C-B027-4C2D-BC47-A099B1367C66}.Release|ARM64.Build.0 = Release|Any CPU
		{C72E642C-B027-4C2D-BC47-A099B1367C66}.Release|arm64-v8a.ActiveCfg = Release|Any CPU
		{C72E642C-B027-4C2D-BC47-A099B1367C66}.Release|arm64-v8a.Build.0 = Release|Any CPU
		{C72E642C-B027-4C2D-BC47-A099B1367C66}.Release|armeabi.ActiveCfg = Release|Any CPU
		{C72E642C-B027-4C2D-BC47-A099B1367C66}.Release|armeabi.Build.0 = Release|Any CPU
		{C72E642C-B027-4C2D-BC47-A099B1367C66}.Release|armeabi-v7a.ActiveCfg = Release|Any CPU
		{C72E642C-B027-4C2D-BC47-A099B1367C66}.Release|armeabi-v7a.Build.0 = Release|Any CPU
		{C72E642C-B027-4C2D-BC47-A099B1367C66}.Release|iPhone.ActiveCfg = Release|Any CPU
		{C72E642C-B027-4C2D-BC47-A099B1367C66}.Release|iPhone.Build.0 = Release|Any CPU
		{C72E642C-B027-4C2D-BC47-A099B1367C66}.Release|iPhoneSimulator.ActiveCfg = Release|Any CPU
		{C72E642C-B027-4C2D-BC47-A099B1367C66}.Release|iPhoneSimulator.Build.0 = Release|Any CPU
		{C72E642C-B027-4C2D-BC47-A099B1367C66}.Release|None.ActiveCfg = Release|Any CPU
		{C72E642C-B027-4C2D-BC47-A099B1367C66}.Release|None.Build.0 = Release|Any CPU
		{C72E642C-B027-4C2D-BC47-A099B1367C66}.Release|x64.ActiveCfg = Release|Any CPU
		{C72E642C-B027-4C2D-BC47-A099B1367C66}.Release|x64.Build.0 = Release|Any CPU
		{C72E642C-B027-4C2D-BC47-A099B1367C66}.Release|x86.ActiveCfg = Release|Any CPU
		{C72E642C-B027-4C2D-BC47-A099B1367C66}.Release|x86.Build.0 = Release|Any CPU
		{C72E642C-B027-4C2D-BC47-A099B1367C66}.Release|x86_64.ActiveCfg = Release|Any CPU
		{C72E642C-B027-4C2D-BC47-A099B1367C66}.Release|x86_64.Build.0 = Release|Any CPU
		{209F32A9-3462-4A6A-BF1F-FEDB757CFFCC}.Debug|Any CPU.ActiveCfg = Debug|Any CPU
		{209F32A9-3462-4A6A-BF1F-FEDB757CFFCC}.Debug|Any CPU.Build.0 = Debug|Any CPU
		{209F32A9-3462-4A6A-BF1F-FEDB757CFFCC}.Debug|ARM.ActiveCfg = Debug|Any CPU
		{209F32A9-3462-4A6A-BF1F-FEDB757CFFCC}.Debug|ARM.Build.0 = Debug|Any CPU
		{209F32A9-3462-4A6A-BF1F-FEDB757CFFCC}.Debug|ARM64.ActiveCfg = Debug|Any CPU
		{209F32A9-3462-4A6A-BF1F-FEDB757CFFCC}.Debug|ARM64.Build.0 = Debug|Any CPU
		{209F32A9-3462-4A6A-BF1F-FEDB757CFFCC}.Debug|arm64-v8a.ActiveCfg = Debug|Any CPU
		{209F32A9-3462-4A6A-BF1F-FEDB757CFFCC}.Debug|arm64-v8a.Build.0 = Debug|Any CPU
		{209F32A9-3462-4A6A-BF1F-FEDB757CFFCC}.Debug|armeabi.ActiveCfg = Debug|Any CPU
		{209F32A9-3462-4A6A-BF1F-FEDB757CFFCC}.Debug|armeabi.Build.0 = Debug|Any CPU
		{209F32A9-3462-4A6A-BF1F-FEDB757CFFCC}.Debug|armeabi-v7a.ActiveCfg = Debug|Any CPU
		{209F32A9-3462-4A6A-BF1F-FEDB757CFFCC}.Debug|armeabi-v7a.Build.0 = Debug|Any CPU
		{209F32A9-3462-4A6A-BF1F-FEDB757CFFCC}.Debug|iPhone.ActiveCfg = Debug|Any CPU
		{209F32A9-3462-4A6A-BF1F-FEDB757CFFCC}.Debug|iPhone.Build.0 = Debug|Any CPU
		{209F32A9-3462-4A6A-BF1F-FEDB757CFFCC}.Debug|iPhoneSimulator.ActiveCfg = Debug|Any CPU
		{209F32A9-3462-4A6A-BF1F-FEDB757CFFCC}.Debug|iPhoneSimulator.Build.0 = Debug|Any CPU
		{209F32A9-3462-4A6A-BF1F-FEDB757CFFCC}.Debug|None.ActiveCfg = Debug|Any CPU
		{209F32A9-3462-4A6A-BF1F-FEDB757CFFCC}.Debug|None.Build.0 = Debug|Any CPU
		{209F32A9-3462-4A6A-BF1F-FEDB757CFFCC}.Debug|x64.ActiveCfg = Debug|Any CPU
		{209F32A9-3462-4A6A-BF1F-FEDB757CFFCC}.Debug|x64.Build.0 = Debug|Any CPU
		{209F32A9-3462-4A6A-BF1F-FEDB757CFFCC}.Debug|x86.ActiveCfg = Debug|Any CPU
		{209F32A9-3462-4A6A-BF1F-FEDB757CFFCC}.Debug|x86.Build.0 = Debug|Any CPU
		{209F32A9-3462-4A6A-BF1F-FEDB757CFFCC}.Debug|x86_64.ActiveCfg = Debug|Any CPU
		{209F32A9-3462-4A6A-BF1F-FEDB757CFFCC}.Debug|x86_64.Build.0 = Debug|Any CPU
		{209F32A9-3462-4A6A-BF1F-FEDB757CFFCC}.Release|Any CPU.ActiveCfg = Release|Any CPU
		{209F32A9-3462-4A6A-BF1F-FEDB757CFFCC}.Release|Any CPU.Build.0 = Release|Any CPU
		{209F32A9-3462-4A6A-BF1F-FEDB757CFFCC}.Release|ARM.ActiveCfg = Release|Any CPU
		{209F32A9-3462-4A6A-BF1F-FEDB757CFFCC}.Release|ARM.Build.0 = Release|Any CPU
		{209F32A9-3462-4A6A-BF1F-FEDB757CFFCC}.Release|ARM64.ActiveCfg = Release|Any CPU
		{209F32A9-3462-4A6A-BF1F-FEDB757CFFCC}.Release|ARM64.Build.0 = Release|Any CPU
		{209F32A9-3462-4A6A-BF1F-FEDB757CFFCC}.Release|arm64-v8a.ActiveCfg = Release|Any CPU
		{209F32A9-3462-4A6A-BF1F-FEDB757CFFCC}.Release|arm64-v8a.Build.0 = Release|Any CPU
		{209F32A9-3462-4A6A-BF1F-FEDB757CFFCC}.Release|armeabi.ActiveCfg = Release|Any CPU
		{209F32A9-3462-4A6A-BF1F-FEDB757CFFCC}.Release|armeabi.Build.0 = Release|Any CPU
		{209F32A9-3462-4A6A-BF1F-FEDB757CFFCC}.Release|armeabi-v7a.ActiveCfg = Release|Any CPU
		{209F32A9-3462-4A6A-BF1F-FEDB757CFFCC}.Release|armeabi-v7a.Build.0 = Release|Any CPU
		{209F32A9-3462-4A6A-BF1F-FEDB757CFFCC}.Release|iPhone.ActiveCfg = Release|Any CPU
		{209F32A9-3462-4A6A-BF1F-FEDB757CFFCC}.Release|iPhone.Build.0 = Release|Any CPU
		{209F32A9-3462-4A6A-BF1F-FEDB757CFFCC}.Release|iPhoneSimulator.ActiveCfg = Release|Any CPU
		{209F32A9-3462-4A6A-BF1F-FEDB757CFFCC}.Release|iPhoneSimulator.Build.0 = Release|Any CPU
		{209F32A9-3462-4A6A-BF1F-FEDB757CFFCC}.Release|None.ActiveCfg = Release|Any CPU
		{209F32A9-3462-4A6A-BF1F-FEDB757CFFCC}.Release|None.Build.0 = Release|Any CPU
		{209F32A9-3462-4A6A-BF1F-FEDB757CFFCC}.Release|x64.ActiveCfg = Release|Any CPU
		{209F32A9-3462-4A6A-BF1F-FEDB757CFFCC}.Release|x64.Build.0 = Release|Any CPU
		{209F32A9-3462-4A6A-BF1F-FEDB757CFFCC}.Release|x86.ActiveCfg = Release|Any CPU
		{209F32A9-3462-4A6A-BF1F-FEDB757CFFCC}.Release|x86.Build.0 = Release|Any CPU
		{209F32A9-3462-4A6A-BF1F-FEDB757CFFCC}.Release|x86_64.ActiveCfg = Release|Any CPU
		{209F32A9-3462-4A6A-BF1F-FEDB757CFFCC}.Release|x86_64.Build.0 = Release|Any CPU
		{B0CA11CE-DA89-42F0-BBC8-3FB8FE493586}.Debug|Any CPU.ActiveCfg = Debug|Any CPU
		{B0CA11CE-DA89-42F0-BBC8-3FB8FE493586}.Debug|Any CPU.Build.0 = Debug|Any CPU
		{B0CA11CE-DA89-42F0-BBC8-3FB8FE493586}.Debug|Any CPU.Deploy.0 = Debug|Any CPU
		{B0CA11CE-DA89-42F0-BBC8-3FB8FE493586}.Debug|ARM.ActiveCfg = Debug|Any CPU
		{B0CA11CE-DA89-42F0-BBC8-3FB8FE493586}.Debug|ARM.Build.0 = Debug|Any CPU
		{B0CA11CE-DA89-42F0-BBC8-3FB8FE493586}.Debug|ARM.Deploy.0 = Debug|Any CPU
		{B0CA11CE-DA89-42F0-BBC8-3FB8FE493586}.Debug|ARM64.ActiveCfg = Debug|Any CPU
		{B0CA11CE-DA89-42F0-BBC8-3FB8FE493586}.Debug|ARM64.Build.0 = Debug|Any CPU
		{B0CA11CE-DA89-42F0-BBC8-3FB8FE493586}.Debug|ARM64.Deploy.0 = Debug|Any CPU
		{B0CA11CE-DA89-42F0-BBC8-3FB8FE493586}.Debug|arm64-v8a.ActiveCfg = Debug|Any CPU
		{B0CA11CE-DA89-42F0-BBC8-3FB8FE493586}.Debug|arm64-v8a.Build.0 = Debug|Any CPU
		{B0CA11CE-DA89-42F0-BBC8-3FB8FE493586}.Debug|arm64-v8a.Deploy.0 = Debug|Any CPU
		{B0CA11CE-DA89-42F0-BBC8-3FB8FE493586}.Debug|armeabi.ActiveCfg = Debug|Any CPU
		{B0CA11CE-DA89-42F0-BBC8-3FB8FE493586}.Debug|armeabi.Build.0 = Debug|Any CPU
		{B0CA11CE-DA89-42F0-BBC8-3FB8FE493586}.Debug|armeabi.Deploy.0 = Debug|Any CPU
		{B0CA11CE-DA89-42F0-BBC8-3FB8FE493586}.Debug|armeabi-v7a.ActiveCfg = Debug|Any CPU
		{B0CA11CE-DA89-42F0-BBC8-3FB8FE493586}.Debug|armeabi-v7a.Build.0 = Debug|Any CPU
		{B0CA11CE-DA89-42F0-BBC8-3FB8FE493586}.Debug|armeabi-v7a.Deploy.0 = Debug|Any CPU
		{B0CA11CE-DA89-42F0-BBC8-3FB8FE493586}.Debug|iPhone.ActiveCfg = Debug|Any CPU
		{B0CA11CE-DA89-42F0-BBC8-3FB8FE493586}.Debug|iPhone.Build.0 = Debug|Any CPU
		{B0CA11CE-DA89-42F0-BBC8-3FB8FE493586}.Debug|iPhone.Deploy.0 = Debug|Any CPU
		{B0CA11CE-DA89-42F0-BBC8-3FB8FE493586}.Debug|iPhoneSimulator.ActiveCfg = Debug|Any CPU
		{B0CA11CE-DA89-42F0-BBC8-3FB8FE493586}.Debug|iPhoneSimulator.Build.0 = Debug|Any CPU
		{B0CA11CE-DA89-42F0-BBC8-3FB8FE493586}.Debug|iPhoneSimulator.Deploy.0 = Debug|Any CPU
		{B0CA11CE-DA89-42F0-BBC8-3FB8FE493586}.Debug|None.ActiveCfg = Debug|Any CPU
		{B0CA11CE-DA89-42F0-BBC8-3FB8FE493586}.Debug|None.Build.0 = Debug|Any CPU
		{B0CA11CE-DA89-42F0-BBC8-3FB8FE493586}.Debug|None.Deploy.0 = Debug|Any CPU
		{B0CA11CE-DA89-42F0-BBC8-3FB8FE493586}.Debug|x64.ActiveCfg = Debug|Any CPU
		{B0CA11CE-DA89-42F0-BBC8-3FB8FE493586}.Debug|x64.Build.0 = Debug|Any CPU
		{B0CA11CE-DA89-42F0-BBC8-3FB8FE493586}.Debug|x64.Deploy.0 = Debug|Any CPU
		{B0CA11CE-DA89-42F0-BBC8-3FB8FE493586}.Debug|x86.ActiveCfg = Debug|Any CPU
		{B0CA11CE-DA89-42F0-BBC8-3FB8FE493586}.Debug|x86.Build.0 = Debug|Any CPU
		{B0CA11CE-DA89-42F0-BBC8-3FB8FE493586}.Debug|x86.Deploy.0 = Debug|Any CPU
		{B0CA11CE-DA89-42F0-BBC8-3FB8FE493586}.Debug|x86_64.ActiveCfg = Debug|Any CPU
		{B0CA11CE-DA89-42F0-BBC8-3FB8FE493586}.Debug|x86_64.Build.0 = Debug|Any CPU
		{B0CA11CE-DA89-42F0-BBC8-3FB8FE493586}.Debug|x86_64.Deploy.0 = Debug|Any CPU
		{B0CA11CE-DA89-42F0-BBC8-3FB8FE493586}.Release|Any CPU.ActiveCfg = Release|Any CPU
		{B0CA11CE-DA89-42F0-BBC8-3FB8FE493586}.Release|Any CPU.Build.0 = Release|Any CPU
		{B0CA11CE-DA89-42F0-BBC8-3FB8FE493586}.Release|Any CPU.Deploy.0 = Release|Any CPU
		{B0CA11CE-DA89-42F0-BBC8-3FB8FE493586}.Release|ARM.ActiveCfg = Release|Any CPU
		{B0CA11CE-DA89-42F0-BBC8-3FB8FE493586}.Release|ARM.Build.0 = Release|Any CPU
		{B0CA11CE-DA89-42F0-BBC8-3FB8FE493586}.Release|ARM.Deploy.0 = Release|Any CPU
		{B0CA11CE-DA89-42F0-BBC8-3FB8FE493586}.Release|ARM64.ActiveCfg = Release|Any CPU
		{B0CA11CE-DA89-42F0-BBC8-3FB8FE493586}.Release|ARM64.Build.0 = Release|Any CPU
		{B0CA11CE-DA89-42F0-BBC8-3FB8FE493586}.Release|ARM64.Deploy.0 = Release|Any CPU
		{B0CA11CE-DA89-42F0-BBC8-3FB8FE493586}.Release|arm64-v8a.ActiveCfg = Release|Any CPU
		{B0CA11CE-DA89-42F0-BBC8-3FB8FE493586}.Release|arm64-v8a.Build.0 = Release|Any CPU
		{B0CA11CE-DA89-42F0-BBC8-3FB8FE493586}.Release|arm64-v8a.Deploy.0 = Release|Any CPU
		{B0CA11CE-DA89-42F0-BBC8-3FB8FE493586}.Release|armeabi.ActiveCfg = Release|Any CPU
		{B0CA11CE-DA89-42F0-BBC8-3FB8FE493586}.Release|armeabi.Build.0 = Release|Any CPU
		{B0CA11CE-DA89-42F0-BBC8-3FB8FE493586}.Release|armeabi.Deploy.0 = Release|Any CPU
		{B0CA11CE-DA89-42F0-BBC8-3FB8FE493586}.Release|armeabi-v7a.ActiveCfg = Release|Any CPU
		{B0CA11CE-DA89-42F0-BBC8-3FB8FE493586}.Release|armeabi-v7a.Build.0 = Release|Any CPU
		{B0CA11CE-DA89-42F0-BBC8-3FB8FE493586}.Release|armeabi-v7a.Deploy.0 = Release|Any CPU
		{B0CA11CE-DA89-42F0-BBC8-3FB8FE493586}.Release|iPhone.ActiveCfg = Release|Any CPU
		{B0CA11CE-DA89-42F0-BBC8-3FB8FE493586}.Release|iPhone.Build.0 = Release|Any CPU
		{B0CA11CE-DA89-42F0-BBC8-3FB8FE493586}.Release|iPhone.Deploy.0 = Release|Any CPU
		{B0CA11CE-DA89-42F0-BBC8-3FB8FE493586}.Release|iPhoneSimulator.ActiveCfg = Release|Any CPU
		{B0CA11CE-DA89-42F0-BBC8-3FB8FE493586}.Release|iPhoneSimulator.Build.0 = Release|Any CPU
		{B0CA11CE-DA89-42F0-BBC8-3FB8FE493586}.Release|iPhoneSimulator.Deploy.0 = Release|Any CPU
		{B0CA11CE-DA89-42F0-BBC8-3FB8FE493586}.Release|None.ActiveCfg = Release|Any CPU
		{B0CA11CE-DA89-42F0-BBC8-3FB8FE493586}.Release|None.Build.0 = Release|Any CPU
		{B0CA11CE-DA89-42F0-BBC8-3FB8FE493586}.Release|None.Deploy.0 = Release|Any CPU
		{B0CA11CE-DA89-42F0-BBC8-3FB8FE493586}.Release|x64.ActiveCfg = Release|Any CPU
		{B0CA11CE-DA89-42F0-BBC8-3FB8FE493586}.Release|x64.Build.0 = Release|Any CPU
		{B0CA11CE-DA89-42F0-BBC8-3FB8FE493586}.Release|x64.Deploy.0 = Release|Any CPU
		{B0CA11CE-DA89-42F0-BBC8-3FB8FE493586}.Release|x86.ActiveCfg = Release|Any CPU
		{B0CA11CE-DA89-42F0-BBC8-3FB8FE493586}.Release|x86.Build.0 = Release|Any CPU
		{B0CA11CE-DA89-42F0-BBC8-3FB8FE493586}.Release|x86.Deploy.0 = Release|Any CPU
		{B0CA11CE-DA89-42F0-BBC8-3FB8FE493586}.Release|x86_64.ActiveCfg = Release|Any CPU
		{B0CA11CE-DA89-42F0-BBC8-3FB8FE493586}.Release|x86_64.Build.0 = Release|Any CPU
		{B0CA11CE-DA89-42F0-BBC8-3FB8FE493586}.Release|x86_64.Deploy.0 = Release|Any CPU
		{3675B5A0-535B-4CFB-B523-ED60837278B9}.Debug|Any CPU.ActiveCfg = Debug|Any CPU
		{3675B5A0-535B-4CFB-B523-ED60837278B9}.Debug|Any CPU.Build.0 = Debug|Any CPU
		{3675B5A0-535B-4CFB-B523-ED60837278B9}.Debug|ARM.ActiveCfg = Debug|Any CPU
		{3675B5A0-535B-4CFB-B523-ED60837278B9}.Debug|ARM.Build.0 = Debug|Any CPU
		{3675B5A0-535B-4CFB-B523-ED60837278B9}.Debug|ARM64.ActiveCfg = Debug|Any CPU
		{3675B5A0-535B-4CFB-B523-ED60837278B9}.Debug|ARM64.Build.0 = Debug|Any CPU
		{3675B5A0-535B-4CFB-B523-ED60837278B9}.Debug|arm64-v8a.ActiveCfg = Debug|arm64-v8a
		{3675B5A0-535B-4CFB-B523-ED60837278B9}.Debug|arm64-v8a.Build.0 = Debug|arm64-v8a
		{3675B5A0-535B-4CFB-B523-ED60837278B9}.Debug|armeabi.ActiveCfg = Debug|armeabi
		{3675B5A0-535B-4CFB-B523-ED60837278B9}.Debug|armeabi.Build.0 = Debug|armeabi
		{3675B5A0-535B-4CFB-B523-ED60837278B9}.Debug|armeabi-v7a.ActiveCfg = Debug|armeabi-v7a
		{3675B5A0-535B-4CFB-B523-ED60837278B9}.Debug|armeabi-v7a.Build.0 = Debug|armeabi-v7a
		{3675B5A0-535B-4CFB-B523-ED60837278B9}.Debug|iPhone.ActiveCfg = Debug|Any CPU
		{3675B5A0-535B-4CFB-B523-ED60837278B9}.Debug|iPhone.Build.0 = Debug|Any CPU
		{3675B5A0-535B-4CFB-B523-ED60837278B9}.Debug|iPhoneSimulator.ActiveCfg = Debug|Any CPU
		{3675B5A0-535B-4CFB-B523-ED60837278B9}.Debug|iPhoneSimulator.Build.0 = Debug|Any CPU
		{3675B5A0-535B-4CFB-B523-ED60837278B9}.Debug|None.ActiveCfg = Debug|None
		{3675B5A0-535B-4CFB-B523-ED60837278B9}.Debug|None.Build.0 = Debug|None
		{3675B5A0-535B-4CFB-B523-ED60837278B9}.Debug|x64.ActiveCfg = Debug|Any CPU
		{3675B5A0-535B-4CFB-B523-ED60837278B9}.Debug|x64.Build.0 = Debug|Any CPU
		{3675B5A0-535B-4CFB-B523-ED60837278B9}.Debug|x86.ActiveCfg = Debug|x86
		{3675B5A0-535B-4CFB-B523-ED60837278B9}.Debug|x86.Build.0 = Debug|x86
		{3675B5A0-535B-4CFB-B523-ED60837278B9}.Debug|x86_64.ActiveCfg = Debug|x86_64
		{3675B5A0-535B-4CFB-B523-ED60837278B9}.Debug|x86_64.Build.0 = Debug|x86_64
		{3675B5A0-535B-4CFB-B523-ED60837278B9}.Release|Any CPU.ActiveCfg = Release|Any CPU
		{3675B5A0-535B-4CFB-B523-ED60837278B9}.Release|Any CPU.Build.0 = Release|Any CPU
		{3675B5A0-535B-4CFB-B523-ED60837278B9}.Release|ARM.ActiveCfg = Release|Any CPU
		{3675B5A0-535B-4CFB-B523-ED60837278B9}.Release|ARM.Build.0 = Release|Any CPU
		{3675B5A0-535B-4CFB-B523-ED60837278B9}.Release|ARM64.ActiveCfg = Release|Any CPU
		{3675B5A0-535B-4CFB-B523-ED60837278B9}.Release|ARM64.Build.0 = Release|Any CPU
		{3675B5A0-535B-4CFB-B523-ED60837278B9}.Release|arm64-v8a.ActiveCfg = Release|arm64-v8a
		{3675B5A0-535B-4CFB-B523-ED60837278B9}.Release|arm64-v8a.Build.0 = Release|arm64-v8a
		{3675B5A0-535B-4CFB-B523-ED60837278B9}.Release|armeabi.ActiveCfg = Release|armeabi
		{3675B5A0-535B-4CFB-B523-ED60837278B9}.Release|armeabi.Build.0 = Release|armeabi
		{3675B5A0-535B-4CFB-B523-ED60837278B9}.Release|armeabi-v7a.ActiveCfg = Release|armeabi-v7a
		{3675B5A0-535B-4CFB-B523-ED60837278B9}.Release|armeabi-v7a.Build.0 = Release|armeabi-v7a
		{3675B5A0-535B-4CFB-B523-ED60837278B9}.Release|iPhone.ActiveCfg = Release|Any CPU
		{3675B5A0-535B-4CFB-B523-ED60837278B9}.Release|iPhone.Build.0 = Release|Any CPU
		{3675B5A0-535B-4CFB-B523-ED60837278B9}.Release|iPhoneSimulator.ActiveCfg = Release|Any CPU
		{3675B5A0-535B-4CFB-B523-ED60837278B9}.Release|iPhoneSimulator.Build.0 = Release|Any CPU
		{3675B5A0-535B-4CFB-B523-ED60837278B9}.Release|None.ActiveCfg = Release|None
		{3675B5A0-535B-4CFB-B523-ED60837278B9}.Release|None.Build.0 = Release|None
		{3675B5A0-535B-4CFB-B523-ED60837278B9}.Release|x64.ActiveCfg = Release|Any CPU
		{3675B5A0-535B-4CFB-B523-ED60837278B9}.Release|x64.Build.0 = Release|Any CPU
		{3675B5A0-535B-4CFB-B523-ED60837278B9}.Release|x86.ActiveCfg = Release|x86
		{3675B5A0-535B-4CFB-B523-ED60837278B9}.Release|x86.Build.0 = Release|x86
		{3675B5A0-535B-4CFB-B523-ED60837278B9}.Release|x86_64.ActiveCfg = Release|x86_64
		{3675B5A0-535B-4CFB-B523-ED60837278B9}.Release|x86_64.Build.0 = Release|x86_64
		{98E136FD-005C-4D81-9D00-2D2E1FEBB3BA}.Debug|Any CPU.ActiveCfg = Debug|Any CPU
		{98E136FD-005C-4D81-9D00-2D2E1FEBB3BA}.Debug|Any CPU.Build.0 = Debug|Any CPU
		{98E136FD-005C-4D81-9D00-2D2E1FEBB3BA}.Debug|ARM.ActiveCfg = Debug|Any CPU
		{98E136FD-005C-4D81-9D00-2D2E1FEBB3BA}.Debug|ARM.Build.0 = Debug|Any CPU
		{98E136FD-005C-4D81-9D00-2D2E1FEBB3BA}.Debug|ARM64.ActiveCfg = Debug|Any CPU
		{98E136FD-005C-4D81-9D00-2D2E1FEBB3BA}.Debug|ARM64.Build.0 = Debug|Any CPU
		{98E136FD-005C-4D81-9D00-2D2E1FEBB3BA}.Debug|arm64-v8a.ActiveCfg = Debug|Any CPU
		{98E136FD-005C-4D81-9D00-2D2E1FEBB3BA}.Debug|arm64-v8a.Build.0 = Debug|Any CPU
		{98E136FD-005C-4D81-9D00-2D2E1FEBB3BA}.Debug|armeabi.ActiveCfg = Debug|Any CPU
		{98E136FD-005C-4D81-9D00-2D2E1FEBB3BA}.Debug|armeabi.Build.0 = Debug|Any CPU
		{98E136FD-005C-4D81-9D00-2D2E1FEBB3BA}.Debug|armeabi-v7a.ActiveCfg = Debug|Any CPU
		{98E136FD-005C-4D81-9D00-2D2E1FEBB3BA}.Debug|armeabi-v7a.Build.0 = Debug|Any CPU
		{98E136FD-005C-4D81-9D00-2D2E1FEBB3BA}.Debug|iPhone.ActiveCfg = Debug|Any CPU
		{98E136FD-005C-4D81-9D00-2D2E1FEBB3BA}.Debug|iPhone.Build.0 = Debug|Any CPU
		{98E136FD-005C-4D81-9D00-2D2E1FEBB3BA}.Debug|iPhoneSimulator.ActiveCfg = Debug|Any CPU
		{98E136FD-005C-4D81-9D00-2D2E1FEBB3BA}.Debug|iPhoneSimulator.Build.0 = Debug|Any CPU
		{98E136FD-005C-4D81-9D00-2D2E1FEBB3BA}.Debug|None.ActiveCfg = Debug|Any CPU
		{98E136FD-005C-4D81-9D00-2D2E1FEBB3BA}.Debug|None.Build.0 = Debug|Any CPU
		{98E136FD-005C-4D81-9D00-2D2E1FEBB3BA}.Debug|x64.ActiveCfg = Debug|Any CPU
		{98E136FD-005C-4D81-9D00-2D2E1FEBB3BA}.Debug|x64.Build.0 = Debug|Any CPU
		{98E136FD-005C-4D81-9D00-2D2E1FEBB3BA}.Debug|x86.ActiveCfg = Debug|Any CPU
		{98E136FD-005C-4D81-9D00-2D2E1FEBB3BA}.Debug|x86.Build.0 = Debug|Any CPU
		{98E136FD-005C-4D81-9D00-2D2E1FEBB3BA}.Debug|x86_64.ActiveCfg = Debug|Any CPU
		{98E136FD-005C-4D81-9D00-2D2E1FEBB3BA}.Debug|x86_64.Build.0 = Debug|Any CPU
		{98E136FD-005C-4D81-9D00-2D2E1FEBB3BA}.Release|Any CPU.ActiveCfg = Release|Any CPU
		{98E136FD-005C-4D81-9D00-2D2E1FEBB3BA}.Release|Any CPU.Build.0 = Release|Any CPU
		{98E136FD-005C-4D81-9D00-2D2E1FEBB3BA}.Release|ARM.ActiveCfg = Release|Any CPU
		{98E136FD-005C-4D81-9D00-2D2E1FEBB3BA}.Release|ARM.Build.0 = Release|Any CPU
		{98E136FD-005C-4D81-9D00-2D2E1FEBB3BA}.Release|ARM64.ActiveCfg = Release|Any CPU
		{98E136FD-005C-4D81-9D00-2D2E1FEBB3BA}.Release|ARM64.Build.0 = Release|Any CPU
		{98E136FD-005C-4D81-9D00-2D2E1FEBB3BA}.Release|arm64-v8a.ActiveCfg = Release|Any CPU
		{98E136FD-005C-4D81-9D00-2D2E1FEBB3BA}.Release|arm64-v8a.Build.0 = Release|Any CPU
		{98E136FD-005C-4D81-9D00-2D2E1FEBB3BA}.Release|armeabi.ActiveCfg = Release|Any CPU
		{98E136FD-005C-4D81-9D00-2D2E1FEBB3BA}.Release|armeabi.Build.0 = Release|Any CPU
		{98E136FD-005C-4D81-9D00-2D2E1FEBB3BA}.Release|armeabi-v7a.ActiveCfg = Release|Any CPU
		{98E136FD-005C-4D81-9D00-2D2E1FEBB3BA}.Release|armeabi-v7a.Build.0 = Release|Any CPU
		{98E136FD-005C-4D81-9D00-2D2E1FEBB3BA}.Release|iPhone.ActiveCfg = Release|Any CPU
		{98E136FD-005C-4D81-9D00-2D2E1FEBB3BA}.Release|iPhone.Build.0 = Release|Any CPU
		{98E136FD-005C-4D81-9D00-2D2E1FEBB3BA}.Release|iPhoneSimulator.ActiveCfg = Release|Any CPU
		{98E136FD-005C-4D81-9D00-2D2E1FEBB3BA}.Release|iPhoneSimulator.Build.0 = Release|Any CPU
		{98E136FD-005C-4D81-9D00-2D2E1FEBB3BA}.Release|None.ActiveCfg = Release|Any CPU
		{98E136FD-005C-4D81-9D00-2D2E1FEBB3BA}.Release|None.Build.0 = Release|Any CPU
		{98E136FD-005C-4D81-9D00-2D2E1FEBB3BA}.Release|x64.ActiveCfg = Release|Any CPU
		{98E136FD-005C-4D81-9D00-2D2E1FEBB3BA}.Release|x64.Build.0 = Release|Any CPU
		{98E136FD-005C-4D81-9D00-2D2E1FEBB3BA}.Release|x86.ActiveCfg = Release|Any CPU
		{98E136FD-005C-4D81-9D00-2D2E1FEBB3BA}.Release|x86.Build.0 = Release|Any CPU
		{98E136FD-005C-4D81-9D00-2D2E1FEBB3BA}.Release|x86_64.ActiveCfg = Release|Any CPU
		{98E136FD-005C-4D81-9D00-2D2E1FEBB3BA}.Release|x86_64.Build.0 = Release|Any CPU
		{5F102C71-65C3-4D77-AE48-29C1E75F82BE}.Debug|Any CPU.ActiveCfg = Debug|Any CPU
		{5F102C71-65C3-4D77-AE48-29C1E75F82BE}.Debug|Any CPU.Build.0 = Debug|Any CPU
		{5F102C71-65C3-4D77-AE48-29C1E75F82BE}.Debug|ARM.ActiveCfg = Debug|Any CPU
		{5F102C71-65C3-4D77-AE48-29C1E75F82BE}.Debug|ARM.Build.0 = Debug|Any CPU
		{5F102C71-65C3-4D77-AE48-29C1E75F82BE}.Debug|ARM64.ActiveCfg = Debug|Any CPU
		{5F102C71-65C3-4D77-AE48-29C1E75F82BE}.Debug|ARM64.Build.0 = Debug|Any CPU
		{5F102C71-65C3-4D77-AE48-29C1E75F82BE}.Debug|arm64-v8a.ActiveCfg = Debug|Any CPU
		{5F102C71-65C3-4D77-AE48-29C1E75F82BE}.Debug|arm64-v8a.Build.0 = Debug|Any CPU
		{5F102C71-65C3-4D77-AE48-29C1E75F82BE}.Debug|armeabi.ActiveCfg = Debug|Any CPU
		{5F102C71-65C3-4D77-AE48-29C1E75F82BE}.Debug|armeabi.Build.0 = Debug|Any CPU
		{5F102C71-65C3-4D77-AE48-29C1E75F82BE}.Debug|armeabi-v7a.ActiveCfg = Debug|Any CPU
		{5F102C71-65C3-4D77-AE48-29C1E75F82BE}.Debug|armeabi-v7a.Build.0 = Debug|Any CPU
		{5F102C71-65C3-4D77-AE48-29C1E75F82BE}.Debug|iPhone.ActiveCfg = Debug|iPhone
		{5F102C71-65C3-4D77-AE48-29C1E75F82BE}.Debug|iPhone.Build.0 = Debug|iPhone
		{5F102C71-65C3-4D77-AE48-29C1E75F82BE}.Debug|iPhoneSimulator.ActiveCfg = Debug|iPhoneSimulator
		{5F102C71-65C3-4D77-AE48-29C1E75F82BE}.Debug|iPhoneSimulator.Build.0 = Debug|iPhoneSimulator
		{5F102C71-65C3-4D77-AE48-29C1E75F82BE}.Debug|None.ActiveCfg = Debug|Any CPU
		{5F102C71-65C3-4D77-AE48-29C1E75F82BE}.Debug|None.Build.0 = Debug|Any CPU
		{5F102C71-65C3-4D77-AE48-29C1E75F82BE}.Debug|x64.ActiveCfg = Debug|Any CPU
		{5F102C71-65C3-4D77-AE48-29C1E75F82BE}.Debug|x64.Build.0 = Debug|Any CPU
		{5F102C71-65C3-4D77-AE48-29C1E75F82BE}.Debug|x86.ActiveCfg = Debug|x86
		{5F102C71-65C3-4D77-AE48-29C1E75F82BE}.Debug|x86.Build.0 = Debug|x86
		{5F102C71-65C3-4D77-AE48-29C1E75F82BE}.Debug|x86_64.ActiveCfg = Debug|Any CPU
		{5F102C71-65C3-4D77-AE48-29C1E75F82BE}.Debug|x86_64.Build.0 = Debug|Any CPU
		{5F102C71-65C3-4D77-AE48-29C1E75F82BE}.Release|Any CPU.ActiveCfg = Release|Any CPU
		{5F102C71-65C3-4D77-AE48-29C1E75F82BE}.Release|Any CPU.Build.0 = Release|Any CPU
		{5F102C71-65C3-4D77-AE48-29C1E75F82BE}.Release|ARM.ActiveCfg = Release|Any CPU
		{5F102C71-65C3-4D77-AE48-29C1E75F82BE}.Release|ARM.Build.0 = Release|Any CPU
		{5F102C71-65C3-4D77-AE48-29C1E75F82BE}.Release|ARM64.ActiveCfg = Release|Any CPU
		{5F102C71-65C3-4D77-AE48-29C1E75F82BE}.Release|ARM64.Build.0 = Release|Any CPU
		{5F102C71-65C3-4D77-AE48-29C1E75F82BE}.Release|arm64-v8a.ActiveCfg = Release|Any CPU
		{5F102C71-65C3-4D77-AE48-29C1E75F82BE}.Release|arm64-v8a.Build.0 = Release|Any CPU
		{5F102C71-65C3-4D77-AE48-29C1E75F82BE}.Release|armeabi.ActiveCfg = Release|Any CPU
		{5F102C71-65C3-4D77-AE48-29C1E75F82BE}.Release|armeabi.Build.0 = Release|Any CPU
		{5F102C71-65C3-4D77-AE48-29C1E75F82BE}.Release|armeabi-v7a.ActiveCfg = Release|Any CPU
		{5F102C71-65C3-4D77-AE48-29C1E75F82BE}.Release|armeabi-v7a.Build.0 = Release|Any CPU
		{5F102C71-65C3-4D77-AE48-29C1E75F82BE}.Release|iPhone.ActiveCfg = Release|iPhone
		{5F102C71-65C3-4D77-AE48-29C1E75F82BE}.Release|iPhone.Build.0 = Release|iPhone
		{5F102C71-65C3-4D77-AE48-29C1E75F82BE}.Release|iPhoneSimulator.ActiveCfg = Release|iPhoneSimulator
		{5F102C71-65C3-4D77-AE48-29C1E75F82BE}.Release|iPhoneSimulator.Build.0 = Release|iPhoneSimulator
		{5F102C71-65C3-4D77-AE48-29C1E75F82BE}.Release|None.ActiveCfg = Release|Any CPU
		{5F102C71-65C3-4D77-AE48-29C1E75F82BE}.Release|None.Build.0 = Release|Any CPU
		{5F102C71-65C3-4D77-AE48-29C1E75F82BE}.Release|x64.ActiveCfg = Release|Any CPU
		{5F102C71-65C3-4D77-AE48-29C1E75F82BE}.Release|x64.Build.0 = Release|Any CPU
		{5F102C71-65C3-4D77-AE48-29C1E75F82BE}.Release|x86.ActiveCfg = Release|x86
		{5F102C71-65C3-4D77-AE48-29C1E75F82BE}.Release|x86.Build.0 = Release|x86
		{5F102C71-65C3-4D77-AE48-29C1E75F82BE}.Release|x86_64.ActiveCfg = Release|Any CPU
		{5F102C71-65C3-4D77-AE48-29C1E75F82BE}.Release|x86_64.Build.0 = Release|Any CPU
		{543E1066-E02A-4078-AFA4-AD00B7168780}.Debug|Any CPU.ActiveCfg = Debug|Any CPU
		{543E1066-E02A-4078-AFA4-AD00B7168780}.Debug|Any CPU.Build.0 = Debug|Any CPU
		{543E1066-E02A-4078-AFA4-AD00B7168780}.Debug|Any CPU.Deploy.0 = Debug|Any CPU
		{543E1066-E02A-4078-AFA4-AD00B7168780}.Debug|ARM.ActiveCfg = Debug|Any CPU
		{543E1066-E02A-4078-AFA4-AD00B7168780}.Debug|ARM.Build.0 = Debug|Any CPU
		{543E1066-E02A-4078-AFA4-AD00B7168780}.Debug|ARM.Deploy.0 = Debug|Any CPU
		{543E1066-E02A-4078-AFA4-AD00B7168780}.Debug|ARM64.ActiveCfg = Debug|Any CPU
		{543E1066-E02A-4078-AFA4-AD00B7168780}.Debug|ARM64.Build.0 = Debug|Any CPU
		{543E1066-E02A-4078-AFA4-AD00B7168780}.Debug|ARM64.Deploy.0 = Debug|Any CPU
		{543E1066-E02A-4078-AFA4-AD00B7168780}.Debug|arm64-v8a.ActiveCfg = Debug|Any CPU
		{543E1066-E02A-4078-AFA4-AD00B7168780}.Debug|arm64-v8a.Build.0 = Debug|Any CPU
		{543E1066-E02A-4078-AFA4-AD00B7168780}.Debug|arm64-v8a.Deploy.0 = Debug|Any CPU
		{543E1066-E02A-4078-AFA4-AD00B7168780}.Debug|armeabi.ActiveCfg = Debug|Any CPU
		{543E1066-E02A-4078-AFA4-AD00B7168780}.Debug|armeabi.Build.0 = Debug|Any CPU
		{543E1066-E02A-4078-AFA4-AD00B7168780}.Debug|armeabi.Deploy.0 = Debug|Any CPU
		{543E1066-E02A-4078-AFA4-AD00B7168780}.Debug|armeabi-v7a.ActiveCfg = Debug|Any CPU
		{543E1066-E02A-4078-AFA4-AD00B7168780}.Debug|armeabi-v7a.Build.0 = Debug|Any CPU
		{543E1066-E02A-4078-AFA4-AD00B7168780}.Debug|armeabi-v7a.Deploy.0 = Debug|Any CPU
		{543E1066-E02A-4078-AFA4-AD00B7168780}.Debug|iPhone.ActiveCfg = Debug|iPhone
		{543E1066-E02A-4078-AFA4-AD00B7168780}.Debug|iPhone.Build.0 = Debug|iPhone
		{543E1066-E02A-4078-AFA4-AD00B7168780}.Debug|iPhone.Deploy.0 = Debug|iPhone
		{543E1066-E02A-4078-AFA4-AD00B7168780}.Debug|iPhoneSimulator.ActiveCfg = Debug|iPhoneSimulator
		{543E1066-E02A-4078-AFA4-AD00B7168780}.Debug|iPhoneSimulator.Build.0 = Debug|iPhoneSimulator
		{543E1066-E02A-4078-AFA4-AD00B7168780}.Debug|iPhoneSimulator.Deploy.0 = Debug|iPhoneSimulator
		{543E1066-E02A-4078-AFA4-AD00B7168780}.Debug|None.ActiveCfg = Debug|Any CPU
		{543E1066-E02A-4078-AFA4-AD00B7168780}.Debug|None.Build.0 = Debug|Any CPU
		{543E1066-E02A-4078-AFA4-AD00B7168780}.Debug|None.Deploy.0 = Debug|Any CPU
		{543E1066-E02A-4078-AFA4-AD00B7168780}.Debug|x64.ActiveCfg = Debug|Any CPU
		{543E1066-E02A-4078-AFA4-AD00B7168780}.Debug|x64.Build.0 = Debug|Any CPU
		{543E1066-E02A-4078-AFA4-AD00B7168780}.Debug|x64.Deploy.0 = Debug|Any CPU
		{543E1066-E02A-4078-AFA4-AD00B7168780}.Debug|x86.ActiveCfg = Debug|Any CPU
		{543E1066-E02A-4078-AFA4-AD00B7168780}.Debug|x86.Build.0 = Debug|Any CPU
		{543E1066-E02A-4078-AFA4-AD00B7168780}.Debug|x86.Deploy.0 = Debug|Any CPU
		{543E1066-E02A-4078-AFA4-AD00B7168780}.Debug|x86_64.ActiveCfg = Debug|Any CPU
		{543E1066-E02A-4078-AFA4-AD00B7168780}.Debug|x86_64.Build.0 = Debug|Any CPU
		{543E1066-E02A-4078-AFA4-AD00B7168780}.Debug|x86_64.Deploy.0 = Debug|Any CPU
		{543E1066-E02A-4078-AFA4-AD00B7168780}.Release|Any CPU.ActiveCfg = Release|Any CPU
		{543E1066-E02A-4078-AFA4-AD00B7168780}.Release|Any CPU.Build.0 = Release|Any CPU
		{543E1066-E02A-4078-AFA4-AD00B7168780}.Release|Any CPU.Deploy.0 = Release|Any CPU
		{543E1066-E02A-4078-AFA4-AD00B7168780}.Release|ARM.ActiveCfg = Release|Any CPU
		{543E1066-E02A-4078-AFA4-AD00B7168780}.Release|ARM.Build.0 = Release|Any CPU
		{543E1066-E02A-4078-AFA4-AD00B7168780}.Release|ARM.Deploy.0 = Release|Any CPU
		{543E1066-E02A-4078-AFA4-AD00B7168780}.Release|ARM64.ActiveCfg = Release|Any CPU
		{543E1066-E02A-4078-AFA4-AD00B7168780}.Release|ARM64.Build.0 = Release|Any CPU
		{543E1066-E02A-4078-AFA4-AD00B7168780}.Release|ARM64.Deploy.0 = Release|Any CPU
		{543E1066-E02A-4078-AFA4-AD00B7168780}.Release|arm64-v8a.ActiveCfg = Release|Any CPU
		{543E1066-E02A-4078-AFA4-AD00B7168780}.Release|arm64-v8a.Build.0 = Release|Any CPU
		{543E1066-E02A-4078-AFA4-AD00B7168780}.Release|arm64-v8a.Deploy.0 = Release|Any CPU
		{543E1066-E02A-4078-AFA4-AD00B7168780}.Release|armeabi.ActiveCfg = Release|Any CPU
		{543E1066-E02A-4078-AFA4-AD00B7168780}.Release|armeabi.Build.0 = Release|Any CPU
		{543E1066-E02A-4078-AFA4-AD00B7168780}.Release|armeabi.Deploy.0 = Release|Any CPU
		{543E1066-E02A-4078-AFA4-AD00B7168780}.Release|armeabi-v7a.ActiveCfg = Release|Any CPU
		{543E1066-E02A-4078-AFA4-AD00B7168780}.Release|armeabi-v7a.Build.0 = Release|Any CPU
		{543E1066-E02A-4078-AFA4-AD00B7168780}.Release|armeabi-v7a.Deploy.0 = Release|Any CPU
		{543E1066-E02A-4078-AFA4-AD00B7168780}.Release|iPhone.ActiveCfg = Release|iPhone
		{543E1066-E02A-4078-AFA4-AD00B7168780}.Release|iPhone.Build.0 = Release|iPhone
		{543E1066-E02A-4078-AFA4-AD00B7168780}.Release|iPhone.Deploy.0 = Release|iPhone
		{543E1066-E02A-4078-AFA4-AD00B7168780}.Release|iPhoneSimulator.ActiveCfg = Release|iPhoneSimulator
		{543E1066-E02A-4078-AFA4-AD00B7168780}.Release|iPhoneSimulator.Build.0 = Release|iPhoneSimulator
		{543E1066-E02A-4078-AFA4-AD00B7168780}.Release|iPhoneSimulator.Deploy.0 = Release|iPhoneSimulator
		{543E1066-E02A-4078-AFA4-AD00B7168780}.Release|None.ActiveCfg = Release|Any CPU
		{543E1066-E02A-4078-AFA4-AD00B7168780}.Release|None.Build.0 = Release|Any CPU
		{543E1066-E02A-4078-AFA4-AD00B7168780}.Release|None.Deploy.0 = Release|Any CPU
		{543E1066-E02A-4078-AFA4-AD00B7168780}.Release|x64.ActiveCfg = Release|Any CPU
		{543E1066-E02A-4078-AFA4-AD00B7168780}.Release|x64.Build.0 = Release|Any CPU
		{543E1066-E02A-4078-AFA4-AD00B7168780}.Release|x64.Deploy.0 = Release|Any CPU
		{543E1066-E02A-4078-AFA4-AD00B7168780}.Release|x86.ActiveCfg = Release|Any CPU
		{543E1066-E02A-4078-AFA4-AD00B7168780}.Release|x86.Build.0 = Release|Any CPU
		{543E1066-E02A-4078-AFA4-AD00B7168780}.Release|x86.Deploy.0 = Release|Any CPU
		{543E1066-E02A-4078-AFA4-AD00B7168780}.Release|x86_64.ActiveCfg = Release|Any CPU
		{543E1066-E02A-4078-AFA4-AD00B7168780}.Release|x86_64.Build.0 = Release|Any CPU
		{543E1066-E02A-4078-AFA4-AD00B7168780}.Release|x86_64.Deploy.0 = Release|Any CPU
	EndGlobalSection
	GlobalSection(SolutionProperties) = preSolution
		HideSolutionNode = FALSE
	EndGlobalSection
	GlobalSection(NestedProjects) = preSolution
		{3675B5A0-535B-4CFB-B523-ED60837278B9} = {D3B39C79-A922-4964-8092-9B8A857293A3}
		{12D024EE-D0A5-4BBC-B7C0-7B18CF1AB262} = {F8900579-8013-4FEC-8752-2165DFCCA2C4}
		{11E54A7E-778D-466C-A176-71E150976AC1} = {F8900579-8013-4FEC-8752-2165DFCCA2C4}
		{7B22BB32-C867-45A7-AC53-5BDA820DB91C} = {F8900579-8013-4FEC-8752-2165DFCCA2C4}
		{3F3BC3E1-3B59-48AB-959A-71844B9AD9BE} = {F8900579-8013-4FEC-8752-2165DFCCA2C4}
		{7BC723CB-1678-415F-A65F-4027F8758A6F} = {F8900579-8013-4FEC-8752-2165DFCCA2C4}
		{1C41F1CC-B8A8-4E72-8167-0E1A42EDF843} = {F8900579-8013-4FEC-8752-2165DFCCA2C4}
		{0D0C868D-23D6-46F7-A3E0-5F595C84939C} = {F8900579-8013-4FEC-8752-2165DFCCA2C4}
		{32B4CFE5-094F-4AE5-A7BC-132C2C9566FE} = {F8900579-8013-4FEC-8752-2165DFCCA2C4}
		{5F102C71-65C3-4D77-AE48-29C1E75F82BE} = {F8900579-8013-4FEC-8752-2165DFCCA2C4}
		{543E1066-E02A-4078-AFA4-AD00B7168780} = {F8900579-8013-4FEC-8752-2165DFCCA2C4}
		{98561642-5EC3-4244-BAF9-6876D9BA5527} = {F8900579-8013-4FEC-8752-2165DFCCA2C4}
	EndGlobalSection
EndGlobal
